
Microsoft Visual Studio Solution File, Format Version 12.00
# Visual Studio Version 17
VisualStudioVersion = 17.7.34202.233
MinimumVisualStudioVersion = 10.0.40219.1
Project("{FAE04EC0-301F-11D3-BF4B-00C04F79EFBC}") = "Concurrency_Handle", "Concurrency_Handle\Concurrency_Handle.csproj", "{C16294D8-7F37-4C94-A935-C8A30657703A}"
EndProject
Global
	GlobalSection(SolutionConfigurationPlatforms) = preSolution
		Debug|Any CPU = Debug|Any CPU
		Release|Any CPU = Release|Any CPU
	EndGlobalSection
	GlobalSection(ProjectConfigurationPlatforms) = postSolution
		{C16294D8-7F37-4C94-A935-C8A30657703A}.Debug|Any CPU.ActiveCfg = Debug|Any CPU
		{C16294D8-7F37-4C94-A935-C8A30657703A}.Debug|Any CPU.Build.0 = Debug|Any CPU
		{C16294D8-7F37-4C94-A935-C8A30657703A}.Release|Any CPU.ActiveCfg = Release|Any CPU
		{C16294D8-7F37-4C94-A935-C8A30657703A}.Release|Any CPU.Build.0 = Release|Any CPU
	EndGlobalSection
	GlobalSection(SolutionProperties) = preSolution
		HideSolutionNode = FALSE
	EndGlobalSection
	GlobalSection(ExtensibilityGlobals) = postSolution
		SolutionGuid = {4102DF10-9D77-446D-9474-FF7115F6B0BA}
	EndGlobalSection
EndGlobal
