
Microsoft Visual Studio Solution File, Format Version 12.00
# Visual Studio Version 17
VisualStudioVersion = 17.6.33829.357
MinimumVisualStudioVersion = 10.0.40219.1
Project("{FAE04EC0-301F-11D3-BF4B-00C04F79EFBC}") = "EmpAndDep Relations CRUD", "EmpAndDep Relations CRUD\EmpAndDep Relations CRUD.csproj", "{7BB8AFFE-6453-4E34-ADA8-FD00D67911B6}"
EndProject
Project("{2150E333-8FDC-42A3-9474-1A3956D46DE8}") = "Solution Items", "Solution Items", "{3887369F-00A0-4153-AE84-EABB32C0915F}"
	ProjectSection(SolutionItems) = preProject
		.editorconfig = .editorconfig
	EndProjectSection
EndProject
Global
	GlobalSection(SolutionConfigurationPlatforms) = preSolution
		Debug|Any CPU = Debug|Any CPU
		Release|Any CPU = Release|Any CPU
	EndGlobalSection
	GlobalSection(ProjectConfigurationPlatforms) = postSolution
		{7BB8AFFE-6453-4E34-ADA8-FD00D67911B6}.Debug|Any CPU.ActiveCfg = Debug|Any CPU
		{7BB8AFFE-6453-4E34-ADA8-FD00D67911B6}.Debug|Any CPU.Build.0 = Debug|Any CPU
		{7BB8AFFE-6453-4E34-ADA8-FD00D67911B6}.Release|Any CPU.ActiveCfg = Release|Any CPU
		{7BB8AFFE-6453-4E34-ADA8-FD00D67911B6}.Release|Any CPU.Build.0 = Release|Any CPU
	EndGlobalSection
	GlobalSection(SolutionProperties) = preSolution
		HideSolutionNode = FALSE
	EndGlobalSection
	GlobalSection(ExtensibilityGlobals) = postSolution
		SolutionGuid = {4603E71A-5B46-4853-9A25-65B03ED92EF1}
	EndGlobalSection
EndGlobal
